
Microsoft Visual Studio Solution File, Format Version 12.00
# Visual Studio Version 17
VisualStudioVersion = 17.13.35931.197 d17.13
MinimumVisualStudioVersion = 10.0.40219.1
Project("{FAE04EC0-301F-11D3-BF4B-00C04F79EFBC}") = "Library A", "Library A\Library A.csproj", "{2674E569-478D-4E88-884C-C9E34FC0DB71}"
EndProject
Global
	GlobalSection(SolutionConfigurationPlatforms) = preSolution
		Debug|Any CPU = Debug|Any CPU
		Release|Any CPU = Release|Any CPU
	EndGlobalSection
	GlobalSection(ProjectConfigurationPlatforms) = postSolution
		{2674E569-478D-4E88-884C-C9E34FC0DB71}.Debug|Any CPU.ActiveCfg = Debug|Any CPU
		{2674E569-478D-4E88-884C-C9E34FC0DB71}.Debug|Any CPU.Build.0 = Debug|Any CPU
		{2674E569-478D-4E88-884C-C9E34FC0DB71}.Release|Any CPU.ActiveCfg = Release|Any CPU
		{2674E569-478D-4E88-884C-C9E34FC0DB71}.Release|Any CPU.Build.0 = Release|Any CPU
	EndGlobalSection
	GlobalSection(SolutionProperties) = preSolution
		HideSolutionNode = FALSE
	EndGlobalSection
	GlobalSection(ExtensibilityGlobals) = postSolution
		SolutionGuid = {639D69E6-66A0-4C49-82FF-6B333C98495F}
	EndGlobalSection
EndGlobal
